// !$*UTF8*$!
{
	archiveVersion = 1;
	classes = {
	};
	objectVersion = 51;
	objects = {

/* Begin PBXBuildFile section */
		9F0B2B5D2800406F003F97B9 /* AppEnvironment.swift in Sources */ = {isa = PBXBuildFile; fileRef = 9F0B2B5C2800406F003F97B9 /* AppEnvironment.swift */; };
		9F25415F281A646800443C65 /* Home.storyboard in Resources */ = {isa = PBXBuildFile; fileRef = 9F25415E281A646800443C65 /* Home.storyboard */; };
		9F254162281A668500443C65 /* SelectApplicationVC.swift in Sources */ = {isa = PBXBuildFile; fileRef = 9F254161281A668500443C65 /* SelectApplicationVC.swift */; };
		9F254168281A700100443C65 /* QC_Home.storyboard in Resources */ = {isa = PBXBuildFile; fileRef = 9F254167281A700100443C65 /* QC_Home.storyboard */; };
		9F25416D281A771200443C65 /* Tab.swift in Sources */ = {isa = PBXBuildFile; fileRef = 9F25416C281A771200443C65 /* Tab.swift */; };
		9F2D693D282535CC00FAA593 /* ReferralCodeVC.swift in Sources */ = {isa = PBXBuildFile; fileRef = 9F2D693C282535CC00FAA593 /* ReferralCodeVC.swift */; };
		9F39171C282A3F8D00AD2DE1 /* EmailVC.swift in Sources */ = {isa = PBXBuildFile; fileRef = 9F39171B282A3F8D00AD2DE1 /* EmailVC.swift */; };
		9F39171F282A416C00AD2DE1 /* AR_Shadow_View_with_Round_Cornor.swift in Sources */ = {isa = PBXBuildFile; fileRef = 9F39171E282A416C00AD2DE1 /* AR_Shadow_View_with_Round_Cornor.swift */; };
		9F391722282A4F3B00AD2DE1 /* AadhaarVerification.storyboard in Resources */ = {isa = PBXBuildFile; fileRef = 9F391721282A4F3B00AD2DE1 /* AadhaarVerification.storyboard */; };
		9F391726282A533000AD2DE1 /* AadhaarVC.swift in Sources */ = {isa = PBXBuildFile; fileRef = 9F391725282A533000AD2DE1 /* AadhaarVC.swift */; };
		9F391729282A5CDC00AD2DE1 /* AadharOtpVerificationVC.swift in Sources */ = {isa = PBXBuildFile; fileRef = 9F391728282A5CDC00AD2DE1 /* AadharOtpVerificationVC.swift */; };
		9F39172C282A5EA600AD2DE1 /* AR_Shadow_View_Cornor.swift in Sources */ = {isa = PBXBuildFile; fileRef = 9F39172B282A5EA600AD2DE1 /* AR_Shadow_View_Cornor.swift */; };
		9F5E0FB72800051D00DDFC7D /* AppDelegate.swift in Sources */ = {isa = PBXBuildFile; fileRef = 9F5E0FB62800051D00DDFC7D /* AppDelegate.swift */; };
		9F5E0FB92800051D00DDFC7D /* SceneDelegate.swift in Sources */ = {isa = PBXBuildFile; fileRef = 9F5E0FB82800051D00DDFC7D /* SceneDelegate.swift */; };
		9F5E0FBB2800051D00DDFC7D /* ViewController.swift in Sources */ = {isa = PBXBuildFile; fileRef = 9F5E0FBA2800051D00DDFC7D /* ViewController.swift */; };
		9F5E0FBE2800051D00DDFC7D /* Main.storyboard in Resources */ = {isa = PBXBuildFile; fileRef = 9F5E0FBC2800051D00DDFC7D /* Main.storyboard */; };
		9F5E0FC02800054C00DDFC7D /* Assets.xcassets in Resources */ = {isa = PBXBuildFile; fileRef = 9F5E0FBF2800054C00DDFC7D /* Assets.xcassets */; };
		9F5E0FC32800054C00DDFC7D /* LaunchScreen.storyboard in Resources */ = {isa = PBXBuildFile; fileRef = 9F5E0FC12800054C00DDFC7D /* LaunchScreen.storyboard */; };
		9F7A45FE281A81BE00F1BD94 /* Trading_Home.storyboard in Resources */ = {isa = PBXBuildFile; fileRef = 9F7A45FD281A81BE00F1BD94 /* Trading_Home.storyboard */; };
		9F7A4601281A82C200F1BD94 /* Listing_Home.storyboard in Resources */ = {isa = PBXBuildFile; fileRef = 9F7A4600281A82C200F1BD94 /* Listing_Home.storyboard */; };
		9F85749D280D6F630054AAA6 /* View+Extension.swift in Sources */ = {isa = PBXBuildFile; fileRef = 9F85749C280D6F620054AAA6 /* View+Extension.swift */; };
		9F8574A0280D72450054AAA6 /* Color+Extension.swift in Sources */ = {isa = PBXBuildFile; fileRef = 9F85749F280D72450054AAA6 /* Color+Extension.swift */; };
		9F8574A4280D7A990054AAA6 /* HomeVC.swift in Sources */ = {isa = PBXBuildFile; fileRef = 9F8574A3280D7A980054AAA6 /* HomeVC.swift */; };
		9F873988280E702D00A28CC9 /* MenuCell.swift in Sources */ = {isa = PBXBuildFile; fileRef = 9F873986280E702C00A28CC9 /* MenuCell.swift */; };
		9F873989280E702D00A28CC9 /* MenuCell.xib in Resources */ = {isa = PBXBuildFile; fileRef = 9F873987280E702C00A28CC9 /* MenuCell.xib */; };
		9F873994280E79AD00A28CC9 /* Localizable.strings in Resources */ = {isa = PBXBuildFile; fileRef = 9F873996280E79AD00A28CC9 /* Localizable.strings */; };
		9F87399D280E87AB00A28CC9 /* MainTabBarVC.swift in Sources */ = {isa = PBXBuildFile; fileRef = 9F87399C280E87AB00A28CC9 /* MainTabBarVC.swift */; };
		9F8739A0280E8B5400A28CC9 /* SettingVC.swift in Sources */ = {isa = PBXBuildFile; fileRef = 9F87399F280E8B5400A28CC9 /* SettingVC.swift */; };
		9F8739A3280E92BC00A28CC9 /* BaseVC.swift in Sources */ = {isa = PBXBuildFile; fileRef = 9F8739A2280E92BB00A28CC9 /* BaseVC.swift */; };
		9F9A0BD92817CC640092B9AE /* Authentication.storyboard in Resources */ = {isa = PBXBuildFile; fileRef = 9F9A0BD82817CC640092B9AE /* Authentication.storyboard */; };
		9F9A0BDC2817CF460092B9AE /* LoginVC.swift in Sources */ = {isa = PBXBuildFile; fileRef = 9F9A0BDB2817CF460092B9AE /* LoginVC.swift */; };
		9F9A0BDF2817CFFA0092B9AE /* AR-Extension+View.swift in Sources */ = {isa = PBXBuildFile; fileRef = 9F9A0BDE2817CFFA0092B9AE /* AR-Extension+View.swift */; };
		9F9A0BE22817D2490092B9AE /* AR-Extenstion+Storyboard.swift in Sources */ = {isa = PBXBuildFile; fileRef = 9F9A0BE12817D2490092B9AE /* AR-Extenstion+Storyboard.swift */; };
		9F9A0BE72817E1A40092B9AE /* AR-Extenstion+UIColor.swift in Sources */ = {isa = PBXBuildFile; fileRef = 9F9A0BE62817E1A30092B9AE /* AR-Extenstion+UIColor.swift */; };
		9FA2476B282CFA8F00BEA3A7 /* AddressVC.swift in Sources */ = {isa = PBXBuildFile; fileRef = 9FA2476A282CFA8F00BEA3A7 /* AddressVC.swift */; };
		9FA2476F282CFACA00BEA3A7 /* AddressListCell.swift in Sources */ = {isa = PBXBuildFile; fileRef = 9FA2476D282CFACA00BEA3A7 /* AddressListCell.swift */; };
		9FA24770282CFACA00BEA3A7 /* AddressListCell.xib in Resources */ = {isa = PBXBuildFile; fileRef = 9FA2476E282CFACA00BEA3A7 /* AddressListCell.xib */; };
		9FACC4DB282B7E040024284B /* AadhaarVerificationSuccessVC.swift in Sources */ = {isa = PBXBuildFile; fileRef = 9FACC4DA282B7E040024284B /* AadhaarVerificationSuccessVC.swift */; };
		9FACC4DE282B85FF0024284B /* UserProfile.storyboard in Resources */ = {isa = PBXBuildFile; fileRef = 9FACC4DD282B85FF0024284B /* UserProfile.storyboard */; };
		9FACC4E1282B89830024284B /* UserProfileVC.swift in Sources */ = {isa = PBXBuildFile; fileRef = 9FACC4E0282B89830024284B /* UserProfileVC.swift */; };
		9FB9236528238E1800A30B85 /* AR_Primary_Button.swift in Sources */ = {isa = PBXBuildFile; fileRef = 9FB9236428238E1800A30B85 /* AR_Primary_Button.swift */; };
		9FB923692823939400A30B85 /* AR-Extension+Button.swift in Sources */ = {isa = PBXBuildFile; fileRef = 9FB923682823939400A30B85 /* AR-Extension+Button.swift */; };
		9FD2579F2822688E00D9AF45 /* ChooseLanguageVC.swift in Sources */ = {isa = PBXBuildFile; fileRef = 9FD2579E2822688E00D9AF45 /* ChooseLanguageVC.swift */; };
		9FD257A728226B4F00D9AF45 /* LanguageCell.swift in Sources */ = {isa = PBXBuildFile; fileRef = 9FD257A528226B4F00D9AF45 /* LanguageCell.swift */; };
		9FD257A828226B4F00D9AF45 /* LanguageCell.xib in Resources */ = {isa = PBXBuildFile; fileRef = 9FD257A628226B4F00D9AF45 /* LanguageCell.xib */; };
		9FE25468282E1CEC006321CD /* UserNameLabel.swift in Sources */ = {isa = PBXBuildFile; fileRef = 9FE25467282E1CEC006321CD /* UserNameLabel.swift */; };
		9FE2546B282E1E2A006321CD /* AR-Extension+Font.swift in Sources */ = {isa = PBXBuildFile; fileRef = 9FE2546A282E1E2A006321CD /* AR-Extension+Font.swift */; };
		9FE2546D282E23DB006321CD /* Mulish-Regular.ttf in Resources */ = {isa = PBXBuildFile; fileRef = 9FF8D988280D67BD009E8438 /* Mulish-Regular.ttf */; };
		9FE2546E282E23DB006321CD /* Mulish-Bold.ttf in Resources */ = {isa = PBXBuildFile; fileRef = 9FF8D98C280D67E5009E8438 /* Mulish-Bold.ttf */; };
		9FE2546F282E23DB006321CD /* Mulish-Medium.ttf in Resources */ = {isa = PBXBuildFile; fileRef = 9FF8D98A280D67D4009E8438 /* Mulish-Medium.ttf */; };
		9FE25470282E23DB006321CD /* Mulish-Light.ttf in Resources */ = {isa = PBXBuildFile; fileRef = 9FF8D98B280D67DD009E8438 /* Mulish-Light.ttf */; };
		9FE25471282E23DB006321CD /* Mulish-ExtraBold.ttf in Resources */ = {isa = PBXBuildFile; fileRef = 9F9A0BE42817DCF50092B9AE /* Mulish-ExtraBold.ttf */; };
		9FE25472282E23DB006321CD /* Mulish-SemiBold.ttf in Resources */ = {isa = PBXBuildFile; fileRef = 9FF8D989280D67C5009E8438 /* Mulish-SemiBold.ttf */; };
		9FE25483282E27E0006321CD /* Poppins-Black.ttf in Resources */ = {isa = PBXBuildFile; fileRef = 9FE2547B282E26B4006321CD /* Poppins-Black.ttf */; };
		9FE25484282E27E0006321CD /* Poppins-Bold.ttf in Resources */ = {isa = PBXBuildFile; fileRef = 9FE25482282E26B7006321CD /* Poppins-Bold.ttf */; };
		9FE25485282E27E0006321CD /* Poppins-ExtraBold.ttf in Resources */ = {isa = PBXBuildFile; fileRef = 9FE2547E282E26B5006321CD /* Poppins-ExtraBold.ttf */; };
		9FE25486282E27E0006321CD /* Poppins-ExtraLight.ttf in Resources */ = {isa = PBXBuildFile; fileRef = 9FE25480282E26B6006321CD /* Poppins-ExtraLight.ttf */; };
		9FE25487282E27E0006321CD /* Poppins-Light.ttf in Resources */ = {isa = PBXBuildFile; fileRef = 9FE2547C282E26B4006321CD /* Poppins-Light.ttf */; };
		9FE25488282E27E0006321CD /* Poppins-Medium.ttf in Resources */ = {isa = PBXBuildFile; fileRef = 9FE2547A282E26B3006321CD /* Poppins-Medium.ttf */; };
		9FE25489282E27E0006321CD /* Poppins-Regular.ttf in Resources */ = {isa = PBXBuildFile; fileRef = 9FE2547F282E26B6006321CD /* Poppins-Regular.ttf */; };
		9FE2548A282E27E0006321CD /* Poppins-SemiBold.ttf in Resources */ = {isa = PBXBuildFile; fileRef = 9FE2547D282E26B5006321CD /* Poppins-SemiBold.ttf */; };
		9FE2548B282E27E0006321CD /* Poppins-Thin.ttf in Resources */ = {isa = PBXBuildFile; fileRef = 9FE25481282E26B6006321CD /* Poppins-Thin.ttf */; };
		9FE2548E282E2EF1006321CD /* HeadingLabel.swift in Sources */ = {isa = PBXBuildFile; fileRef = 9FE2548D282E2EF1006321CD /* HeadingLabel.swift */; };
		9FE25491282E3154006321CD /* SubtitleLightLabel.swift in Sources */ = {isa = PBXBuildFile; fileRef = 9FE25490282E3154006321CD /* SubtitleLightLabel.swift */; };
		9FE539282832216000C77570 /* MemberInvite.storyboard in Resources */ = {isa = PBXBuildFile; fileRef = 9FE539272832216000C77570 /* MemberInvite.storyboard */; };
		9FE5392C283224D800C77570 /* MemberInviteVC.swift in Sources */ = {isa = PBXBuildFile; fileRef = 9FE5392B283224D800C77570 /* MemberInviteVC.swift */; };
		9FE53930283233B300C77570 /* MemberInviteCell.swift in Sources */ = {isa = PBXBuildFile; fileRef = 9FE5392E283233B300C77570 /* MemberInviteCell.swift */; };
		9FE53931283233B300C77570 /* MemberInviteCell.xib in Resources */ = {isa = PBXBuildFile; fileRef = 9FE5392F283233B300C77570 /* MemberInviteCell.xib */; };
		9FE53935283362EF00C77570 /* DropDownCell.swift in Sources */ = {isa = PBXBuildFile; fileRef = 9FE53933283362EE00C77570 /* DropDownCell.swift */; };
		9FE53936283362EF00C77570 /* DropDownCell.xib in Resources */ = {isa = PBXBuildFile; fileRef = 9FE53934283362EE00C77570 /* DropDownCell.xib */; };
		9FE539392833643000C77570 /* AddMemberInviteVC.swift in Sources */ = {isa = PBXBuildFile; fileRef = 9FE539382833642F00C77570 /* AddMemberInviteVC.swift */; };
		9FE539402833837600C77570 /* SubcriptionPlanCell.swift in Sources */ = {isa = PBXBuildFile; fileRef = 9FE5393E2833837600C77570 /* SubcriptionPlanCell.swift */; };
		9FE539412833837600C77570 /* SubcriptionPlanCell.xib in Resources */ = {isa = PBXBuildFile; fileRef = 9FE5393F2833837600C77570 /* SubcriptionPlanCell.xib */; };
		9FE5394628338FBA00C77570 /* UPCarouselFlowLayout.swift in Sources */ = {isa = PBXBuildFile; fileRef = 9FE5394528338FBA00C77570 /* UPCarouselFlowLayout.swift */; };
		9FF8D97B280D649E009E8438 /* WalkThroughVC.swift in Sources */ = {isa = PBXBuildFile; fileRef = 9FF8D97A280D649E009E8438 /* WalkThroughVC.swift */; };
		9FF8D982280D6504009E8438 /* WalkThroughCell.swift in Sources */ = {isa = PBXBuildFile; fileRef = 9FF8D980280D6504009E8438 /* WalkThroughCell.swift */; };
		9FF8D983280D6504009E8438 /* WalkThroughCell.xib in Resources */ = {isa = PBXBuildFile; fileRef = 9FF8D981280D6504009E8438 /* WalkThroughCell.xib */; };
		9FFC9BB62823AF2F009A6F84 /* VerificationVC.swift in Sources */ = {isa = PBXBuildFile; fileRef = 9FFC9BB52823AF2E009A6F84 /* VerificationVC.swift */; };
		9FFC9BB92823E6D0009A6F84 /* LocationEnableVC.swift in Sources */ = {isa = PBXBuildFile; fileRef = 9FFC9BB82823E6CF009A6F84 /* LocationEnableVC.swift */; };
		E71AF66E0D62280EB93806E1 /* Pods_Agri_Reach.framework in Frameworks */ = {isa = PBXBuildFile; fileRef = 7B0413493E37EAA147692BE1 /* Pods_Agri_Reach.framework */; };
/* End PBXBuildFile section */

/* Begin PBXFileReference section */
		19C933A7E7826018932A7F42 /* Pods-Agri Reach.prod release.xcconfig */ = {isa = PBXFileReference; includeInIndex = 1; lastKnownFileType = text.xcconfig; name = "Pods-Agri Reach.prod release.xcconfig"; path = "Target Support Files/Pods-Agri Reach/Pods-Agri Reach.prod release.xcconfig"; sourceTree = "<group>"; };
		2E07F63A8A7529D97F26A54A /* Pods-Agri Reach.qa debug.xcconfig */ = {isa = PBXFileReference; includeInIndex = 1; lastKnownFileType = text.xcconfig; name = "Pods-Agri Reach.qa debug.xcconfig"; path = "Target Support Files/Pods-Agri Reach/Pods-Agri Reach.qa debug.xcconfig"; sourceTree = "<group>"; };
		79D043FF93FE919CBA566C3F /* Pods-Agri Reach.prod debug.xcconfig */ = {isa = PBXFileReference; includeInIndex = 1; lastKnownFileType = text.xcconfig; name = "Pods-Agri Reach.prod debug.xcconfig"; path = "Target Support Files/Pods-Agri Reach/Pods-Agri Reach.prod debug.xcconfig"; sourceTree = "<group>"; };
		7B0413493E37EAA147692BE1 /* Pods_Agri_Reach.framework */ = {isa = PBXFileReference; explicitFileType = wrapper.framework; includeInIndex = 0; path = Pods_Agri_Reach.framework; sourceTree = BUILT_PRODUCTS_DIR; };
		8FEF8DDE906DDD1E07AB15D1 /* Pods-Agri Reach.dev release.xcconfig */ = {isa = PBXFileReference; includeInIndex = 1; lastKnownFileType = text.xcconfig; name = "Pods-Agri Reach.dev release.xcconfig"; path = "Target Support Files/Pods-Agri Reach/Pods-Agri Reach.dev release.xcconfig"; sourceTree = "<group>"; };
		9F0B2B5C2800406F003F97B9 /* AppEnvironment.swift */ = {isa = PBXFileReference; fileEncoding = 4; lastKnownFileType = sourcecode.swift; path = AppEnvironment.swift; sourceTree = "<group>"; };
		9F25415E281A646800443C65 /* Home.storyboard */ = {isa = PBXFileReference; lastKnownFileType = file.storyboard; path = Home.storyboard; sourceTree = "<group>"; };
		9F254161281A668500443C65 /* SelectApplicationVC.swift */ = {isa = PBXFileReference; lastKnownFileType = sourcecode.swift; path = SelectApplicationVC.swift; sourceTree = "<group>"; };
		9F254167281A700100443C65 /* QC_Home.storyboard */ = {isa = PBXFileReference; lastKnownFileType = file.storyboard; path = QC_Home.storyboard; sourceTree = "<group>"; };
		9F25416C281A771200443C65 /* Tab.swift */ = {isa = PBXFileReference; lastKnownFileType = sourcecode.swift; path = Tab.swift; sourceTree = "<group>"; };
		9F2D693C282535CC00FAA593 /* ReferralCodeVC.swift */ = {isa = PBXFileReference; lastKnownFileType = sourcecode.swift; path = ReferralCodeVC.swift; sourceTree = "<group>"; };
		9F39171B282A3F8D00AD2DE1 /* EmailVC.swift */ = {isa = PBXFileReference; lastKnownFileType = sourcecode.swift; path = EmailVC.swift; sourceTree = "<group>"; };
		9F39171E282A416C00AD2DE1 /* AR_Shadow_View_with_Round_Cornor.swift */ = {isa = PBXFileReference; lastKnownFileType = sourcecode.swift; path = AR_Shadow_View_with_Round_Cornor.swift; sourceTree = "<group>"; };
		9F391721282A4F3B00AD2DE1 /* AadhaarVerification.storyboard */ = {isa = PBXFileReference; lastKnownFileType = file.storyboard; path = AadhaarVerification.storyboard; sourceTree = "<group>"; };
		9F391725282A533000AD2DE1 /* AadhaarVC.swift */ = {isa = PBXFileReference; lastKnownFileType = sourcecode.swift; path = AadhaarVC.swift; sourceTree = "<group>"; };
		9F391728282A5CDC00AD2DE1 /* AadharOtpVerificationVC.swift */ = {isa = PBXFileReference; lastKnownFileType = sourcecode.swift; path = AadharOtpVerificationVC.swift; sourceTree = "<group>"; };
		9F39172B282A5EA600AD2DE1 /* AR_Shadow_View_Cornor.swift */ = {isa = PBXFileReference; lastKnownFileType = sourcecode.swift; path = AR_Shadow_View_Cornor.swift; sourceTree = "<group>"; };
		9F5E0FB32800051D00DDFC7D /* Agri Reach.app */ = {isa = PBXFileReference; explicitFileType = wrapper.application; includeInIndex = 0; path = "Agri Reach.app"; sourceTree = BUILT_PRODUCTS_DIR; };
		9F5E0FB62800051D00DDFC7D /* AppDelegate.swift */ = {isa = PBXFileReference; lastKnownFileType = sourcecode.swift; path = AppDelegate.swift; sourceTree = "<group>"; };
		9F5E0FB82800051D00DDFC7D /* SceneDelegate.swift */ = {isa = PBXFileReference; lastKnownFileType = sourcecode.swift; path = SceneDelegate.swift; sourceTree = "<group>"; };
		9F5E0FBA2800051D00DDFC7D /* ViewController.swift */ = {isa = PBXFileReference; lastKnownFileType = sourcecode.swift; path = ViewController.swift; sourceTree = "<group>"; };
		9F5E0FBD2800051D00DDFC7D /* Base */ = {isa = PBXFileReference; lastKnownFileType = file.storyboard; name = Base; path = Base.lproj/Main.storyboard; sourceTree = "<group>"; };
		9F5E0FBF2800054C00DDFC7D /* Assets.xcassets */ = {isa = PBXFileReference; lastKnownFileType = folder.assetcatalog; path = Assets.xcassets; sourceTree = "<group>"; };
		9F5E0FC22800054C00DDFC7D /* Base */ = {isa = PBXFileReference; lastKnownFileType = file.storyboard; name = Base; path = Base.lproj/LaunchScreen.storyboard; sourceTree = "<group>"; };
		9F5E0FC42800054C00DDFC7D /* Info.plist */ = {isa = PBXFileReference; lastKnownFileType = text.plist.xml; path = Info.plist; sourceTree = "<group>"; };
		9F7A45FD281A81BE00F1BD94 /* Trading_Home.storyboard */ = {isa = PBXFileReference; lastKnownFileType = file.storyboard; path = Trading_Home.storyboard; sourceTree = "<group>"; };
		9F7A4600281A82C200F1BD94 /* Listing_Home.storyboard */ = {isa = PBXFileReference; lastKnownFileType = file.storyboard; path = Listing_Home.storyboard; sourceTree = "<group>"; };
		9F85749C280D6F620054AAA6 /* View+Extension.swift */ = {isa = PBXFileReference; fileEncoding = 4; lastKnownFileType = sourcecode.swift; path = "View+Extension.swift"; sourceTree = "<group>"; };
		9F85749F280D72450054AAA6 /* Color+Extension.swift */ = {isa = PBXFileReference; fileEncoding = 4; lastKnownFileType = sourcecode.swift; path = "Color+Extension.swift"; sourceTree = "<group>"; };
		9F8574A3280D7A980054AAA6 /* HomeVC.swift */ = {isa = PBXFileReference; lastKnownFileType = sourcecode.swift; path = HomeVC.swift; sourceTree = "<group>"; };
		9F873986280E702C00A28CC9 /* MenuCell.swift */ = {isa = PBXFileReference; lastKnownFileType = sourcecode.swift; path = MenuCell.swift; sourceTree = "<group>"; };
		9F873987280E702C00A28CC9 /* MenuCell.xib */ = {isa = PBXFileReference; lastKnownFileType = file.xib; path = MenuCell.xib; sourceTree = "<group>"; };
		9F873995280E79AD00A28CC9 /* en */ = {isa = PBXFileReference; lastKnownFileType = text.plist.strings; name = en; path = en.lproj/Localizable.strings; sourceTree = "<group>"; };
		9F873998280E79CE00A28CC9 /* hi */ = {isa = PBXFileReference; lastKnownFileType = text.plist.strings; name = hi; path = hi.lproj/Main.strings; sourceTree = "<group>"; };
		9F873999280E79D200A28CC9 /* hi */ = {isa = PBXFileReference; lastKnownFileType = text.plist.strings; name = hi; path = hi.lproj/LaunchScreen.strings; sourceTree = "<group>"; };
		9F87399A280E79D400A28CC9 /* hi */ = {isa = PBXFileReference; lastKnownFileType = text.plist.strings; name = hi; path = hi.lproj/Localizable.strings; sourceTree = "<group>"; };
		9F87399C280E87AB00A28CC9 /* MainTabBarVC.swift */ = {isa = PBXFileReference; lastKnownFileType = sourcecode.swift; path = MainTabBarVC.swift; sourceTree = "<group>"; };
		9F87399F280E8B5400A28CC9 /* SettingVC.swift */ = {isa = PBXFileReference; lastKnownFileType = sourcecode.swift; path = SettingVC.swift; sourceTree = "<group>"; };
		9F8739A2280E92BB00A28CC9 /* BaseVC.swift */ = {isa = PBXFileReference; lastKnownFileType = sourcecode.swift; path = BaseVC.swift; sourceTree = "<group>"; };
		9F9A0BD82817CC640092B9AE /* Authentication.storyboard */ = {isa = PBXFileReference; lastKnownFileType = file.storyboard; path = Authentication.storyboard; sourceTree = "<group>"; };
		9F9A0BDB2817CF460092B9AE /* LoginVC.swift */ = {isa = PBXFileReference; lastKnownFileType = sourcecode.swift; path = LoginVC.swift; sourceTree = "<group>"; };
		9F9A0BDE2817CFFA0092B9AE /* AR-Extension+View.swift */ = {isa = PBXFileReference; lastKnownFileType = sourcecode.swift; path = "AR-Extension+View.swift"; sourceTree = "<group>"; };
		9F9A0BE12817D2490092B9AE /* AR-Extenstion+Storyboard.swift */ = {isa = PBXFileReference; lastKnownFileType = sourcecode.swift; path = "AR-Extenstion+Storyboard.swift"; sourceTree = "<group>"; };
		9F9A0BE42817DCF50092B9AE /* Mulish-ExtraBold.ttf */ = {isa = PBXFileReference; lastKnownFileType = file; path = "Mulish-ExtraBold.ttf"; sourceTree = "<group>"; };
		9F9A0BE62817E1A30092B9AE /* AR-Extenstion+UIColor.swift */ = {isa = PBXFileReference; lastKnownFileType = sourcecode.swift; path = "AR-Extenstion+UIColor.swift"; sourceTree = "<group>"; };
		9FA2476A282CFA8F00BEA3A7 /* AddressVC.swift */ = {isa = PBXFileReference; lastKnownFileType = sourcecode.swift; path = AddressVC.swift; sourceTree = "<group>"; };
		9FA2476D282CFACA00BEA3A7 /* AddressListCell.swift */ = {isa = PBXFileReference; lastKnownFileType = sourcecode.swift; path = AddressListCell.swift; sourceTree = "<group>"; };
		9FA2476E282CFACA00BEA3A7 /* AddressListCell.xib */ = {isa = PBXFileReference; lastKnownFileType = file.xib; path = AddressListCell.xib; sourceTree = "<group>"; };
		9FACC4DA282B7E040024284B /* AadhaarVerificationSuccessVC.swift */ = {isa = PBXFileReference; lastKnownFileType = sourcecode.swift; path = AadhaarVerificationSuccessVC.swift; sourceTree = "<group>"; };
		9FACC4DD282B85FF0024284B /* UserProfile.storyboard */ = {isa = PBXFileReference; lastKnownFileType = file.storyboard; path = UserProfile.storyboard; sourceTree = "<group>"; };
		9FACC4E0282B89830024284B /* UserProfileVC.swift */ = {isa = PBXFileReference; lastKnownFileType = sourcecode.swift; path = UserProfileVC.swift; sourceTree = "<group>"; };
		9FB9236428238E1800A30B85 /* AR_Primary_Button.swift */ = {isa = PBXFileReference; lastKnownFileType = sourcecode.swift; path = AR_Primary_Button.swift; sourceTree = "<group>"; };
		9FB923682823939400A30B85 /* AR-Extension+Button.swift */ = {isa = PBXFileReference; lastKnownFileType = sourcecode.swift; path = "AR-Extension+Button.swift"; sourceTree = "<group>"; };
		9FD2579E2822688E00D9AF45 /* ChooseLanguageVC.swift */ = {isa = PBXFileReference; lastKnownFileType = sourcecode.swift; path = ChooseLanguageVC.swift; sourceTree = "<group>"; };
		9FD257A528226B4F00D9AF45 /* LanguageCell.swift */ = {isa = PBXFileReference; lastKnownFileType = sourcecode.swift; path = LanguageCell.swift; sourceTree = "<group>"; };
		9FD257A628226B4F00D9AF45 /* LanguageCell.xib */ = {isa = PBXFileReference; lastKnownFileType = file.xib; path = LanguageCell.xib; sourceTree = "<group>"; };
		9FE25467282E1CEC006321CD /* UserNameLabel.swift */ = {isa = PBXFileReference; lastKnownFileType = sourcecode.swift; path = UserNameLabel.swift; sourceTree = "<group>"; };
		9FE2546A282E1E2A006321CD /* AR-Extension+Font.swift */ = {isa = PBXFileReference; lastKnownFileType = sourcecode.swift; path = "AR-Extension+Font.swift"; sourceTree = "<group>"; };
		9FE2547A282E26B3006321CD /* Poppins-Medium.ttf */ = {isa = PBXFileReference; lastKnownFileType = file; path = "Poppins-Medium.ttf"; sourceTree = "<group>"; };
		9FE2547B282E26B4006321CD /* Poppins-Black.ttf */ = {isa = PBXFileReference; lastKnownFileType = file; path = "Poppins-Black.ttf"; sourceTree = "<group>"; };
		9FE2547C282E26B4006321CD /* Poppins-Light.ttf */ = {isa = PBXFileReference; lastKnownFileType = file; path = "Poppins-Light.ttf"; sourceTree = "<group>"; };
		9FE2547D282E26B5006321CD /* Poppins-SemiBold.ttf */ = {isa = PBXFileReference; lastKnownFileType = file; path = "Poppins-SemiBold.ttf"; sourceTree = "<group>"; };
		9FE2547E282E26B5006321CD /* Poppins-ExtraBold.ttf */ = {isa = PBXFileReference; lastKnownFileType = file; path = "Poppins-ExtraBold.ttf"; sourceTree = "<group>"; };
		9FE2547F282E26B6006321CD /* Poppins-Regular.ttf */ = {isa = PBXFileReference; lastKnownFileType = file; path = "Poppins-Regular.ttf"; sourceTree = "<group>"; };
		9FE25480282E26B6006321CD /* Poppins-ExtraLight.ttf */ = {isa = PBXFileReference; lastKnownFileType = file; path = "Poppins-ExtraLight.ttf"; sourceTree = "<group>"; };
		9FE25481282E26B6006321CD /* Poppins-Thin.ttf */ = {isa = PBXFileReference; lastKnownFileType = file; path = "Poppins-Thin.ttf"; sourceTree = "<group>"; };
		9FE25482282E26B7006321CD /* Poppins-Bold.ttf */ = {isa = PBXFileReference; lastKnownFileType = file; path = "Poppins-Bold.ttf"; sourceTree = "<group>"; };
		9FE2548D282E2EF1006321CD /* HeadingLabel.swift */ = {isa = PBXFileReference; lastKnownFileType = sourcecode.swift; path = HeadingLabel.swift; sourceTree = "<group>"; };
		9FE25490282E3154006321CD /* SubtitleLightLabel.swift */ = {isa = PBXFileReference; lastKnownFileType = sourcecode.swift; path = SubtitleLightLabel.swift; sourceTree = "<group>"; };
		9FE539272832216000C77570 /* MemberInvite.storyboard */ = {isa = PBXFileReference; lastKnownFileType = file.storyboard; path = MemberInvite.storyboard; sourceTree = "<group>"; };
		9FE5392B283224D800C77570 /* MemberInviteVC.swift */ = {isa = PBXFileReference; lastKnownFileType = sourcecode.swift; path = MemberInviteVC.swift; sourceTree = "<group>"; };
		9FE5392E283233B300C77570 /* MemberInviteCell.swift */ = {isa = PBXFileReference; lastKnownFileType = sourcecode.swift; path = MemberInviteCell.swift; sourceTree = "<group>"; };
		9FE5392F283233B300C77570 /* MemberInviteCell.xib */ = {isa = PBXFileReference; lastKnownFileType = file.xib; path = MemberInviteCell.xib; sourceTree = "<group>"; };
		9FE53933283362EE00C77570 /* DropDownCell.swift */ = {isa = PBXFileReference; lastKnownFileType = sourcecode.swift; path = DropDownCell.swift; sourceTree = "<group>"; };
		9FE53934283362EE00C77570 /* DropDownCell.xib */ = {isa = PBXFileReference; lastKnownFileType = file.xib; path = DropDownCell.xib; sourceTree = "<group>"; };
		9FE539382833642F00C77570 /* AddMemberInviteVC.swift */ = {isa = PBXFileReference; lastKnownFileType = sourcecode.swift; path = AddMemberInviteVC.swift; sourceTree = "<group>"; };
		9FE5393E2833837600C77570 /* SubcriptionPlanCell.swift */ = {isa = PBXFileReference; lastKnownFileType = sourcecode.swift; path = SubcriptionPlanCell.swift; sourceTree = "<group>"; };
		9FE5393F2833837600C77570 /* SubcriptionPlanCell.xib */ = {isa = PBXFileReference; lastKnownFileType = file.xib; path = SubcriptionPlanCell.xib; sourceTree = "<group>"; };
		9FE5394528338FBA00C77570 /* UPCarouselFlowLayout.swift */ = {isa = PBXFileReference; fileEncoding = 4; lastKnownFileType = sourcecode.swift; path = UPCarouselFlowLayout.swift; sourceTree = "<group>"; };
		9FF8D97A280D649E009E8438 /* WalkThroughVC.swift */ = {isa = PBXFileReference; lastKnownFileType = sourcecode.swift; path = WalkThroughVC.swift; sourceTree = "<group>"; };
		9FF8D980280D6504009E8438 /* WalkThroughCell.swift */ = {isa = PBXFileReference; lastKnownFileType = sourcecode.swift; path = WalkThroughCell.swift; sourceTree = "<group>"; };
		9FF8D981280D6504009E8438 /* WalkThroughCell.xib */ = {isa = PBXFileReference; lastKnownFileType = file.xib; path = WalkThroughCell.xib; sourceTree = "<group>"; };
		9FF8D988280D67BD009E8438 /* Mulish-Regular.ttf */ = {isa = PBXFileReference; lastKnownFileType = file; path = "Mulish-Regular.ttf"; sourceTree = "<group>"; };
		9FF8D989280D67C5009E8438 /* Mulish-SemiBold.ttf */ = {isa = PBXFileReference; lastKnownFileType = file; path = "Mulish-SemiBold.ttf"; sourceTree = "<group>"; };
		9FF8D98A280D67D4009E8438 /* Mulish-Medium.ttf */ = {isa = PBXFileReference; lastKnownFileType = file; path = "Mulish-Medium.ttf"; sourceTree = "<group>"; };
		9FF8D98B280D67DD009E8438 /* Mulish-Light.ttf */ = {isa = PBXFileReference; lastKnownFileType = file; path = "Mulish-Light.ttf"; sourceTree = "<group>"; };
		9FF8D98C280D67E5009E8438 /* Mulish-Bold.ttf */ = {isa = PBXFileReference; lastKnownFileType = file; path = "Mulish-Bold.ttf"; sourceTree = "<group>"; };
		9FFC9BB52823AF2E009A6F84 /* VerificationVC.swift */ = {isa = PBXFileReference; lastKnownFileType = sourcecode.swift; path = VerificationVC.swift; sourceTree = "<group>"; };
		9FFC9BB82823E6CF009A6F84 /* LocationEnableVC.swift */ = {isa = PBXFileReference; lastKnownFileType = sourcecode.swift; path = LocationEnableVC.swift; sourceTree = "<group>"; };
		D3DC08A729570A6599A68A76 /* Pods-Agri Reach.dev debug.xcconfig */ = {isa = PBXFileReference; includeInIndex = 1; lastKnownFileType = text.xcconfig; name = "Pods-Agri Reach.dev debug.xcconfig"; path = "Target Support Files/Pods-Agri Reach/Pods-Agri Reach.dev debug.xcconfig"; sourceTree = "<group>"; };
		E2F6A1AAF9E0622A89D82671 /* Pods-Agri Reach.qa release.xcconfig */ = {isa = PBXFileReference; includeInIndex = 1; lastKnownFileType = text.xcconfig; name = "Pods-Agri Reach.qa release.xcconfig"; path = "Target Support Files/Pods-Agri Reach/Pods-Agri Reach.qa release.xcconfig"; sourceTree = "<group>"; };
/* End PBXFileReference section */

/* Begin PBXFrameworksBuildPhase section */
		9F5E0FB02800051D00DDFC7D /* Frameworks */ = {
			isa = PBXFrameworksBuildPhase;
			buildActionMask = 2147483647;
			files = (
				E71AF66E0D62280EB93806E1 /* Pods_Agri_Reach.framework in Frameworks */,
			);
			runOnlyForDeploymentPostprocessing = 0;
		};
/* End PBXFrameworksBuildPhase section */

/* Begin PBXGroup section */
		74000BCF8C64AA9A13D016E3 /* Frameworks */ = {
			isa = PBXGroup;
			children = (
				7B0413493E37EAA147692BE1 /* Pods_Agri_Reach.framework */,
			);
			name = Frameworks;
			sourceTree = "<group>";
		};
		9F0B2B5B28004057003F97B9 /* Core */ = {
			isa = PBXGroup;
			children = (
				9FF8D986280D67A0009E8438 /* Fonts */,
				9F0B2B5C2800406F003F97B9 /* AppEnvironment.swift */,
			);
			path = Core;
			sourceTree = "<group>";
		};
		9F5E0FAA2800051D00DDFC7D = {
			isa = PBXGroup;
			children = (
				9F5E0FB52800051D00DDFC7D /* Agri Reach */,
				9F5E0FB42800051D00DDFC7D /* Products */,
				CE2884D5FCEA230B97B2CC29 /* Pods */,
				74000BCF8C64AA9A13D016E3 /* Frameworks */,
			);
			sourceTree = "<group>";
		};
		9F5E0FB42800051D00DDFC7D /* Products */ = {
			isa = PBXGroup;
			children = (
				9F5E0FB32800051D00DDFC7D /* Agri Reach.app */,
			);
			name = Products;
			sourceTree = "<group>";
		};
		9F5E0FB52800051D00DDFC7D /* Agri Reach */ = {
			isa = PBXGroup;
			children = (
				9FE5394428338F9C00C77570 /* Supporting Class */,
				9FB9236328238DA000A30B85 /* Custom */,
				9F9A0BD22817CBFF0092B9AE /* Common */,
				9F9A0BCF2817CB1E0092B9AE /* Utilities */,
				9F9A0BCA2817CAA70092B9AE /* Trading */,
				9F9A0BC42817CA4A0092B9AE /* Listing */,
				9F9A0BBF2817C9BD0092B9AE /* QC */,
				9F85749B280D6F550054AAA6 /* Extensions */,
				9FF8D97E280D64DA009E8438 /* View */,
				9FF8D979280D646E009E8438 /* Screens */,
				9F0B2B5B28004057003F97B9 /* Core */,
				9F5E0FB62800051D00DDFC7D /* AppDelegate.swift */,
				9F5E0FB82800051D00DDFC7D /* SceneDelegate.swift */,
				9F5E0FBA2800051D00DDFC7D /* ViewController.swift */,
				9F5E0FBC2800051D00DDFC7D /* Main.storyboard */,
				9F5E0FBF2800054C00DDFC7D /* Assets.xcassets */,
				9F5E0FC12800054C00DDFC7D /* LaunchScreen.storyboard */,
				9F5E0FC42800054C00DDFC7D /* Info.plist */,
				9F873996280E79AD00A28CC9 /* Localizable.strings */,
			);
			path = "Agri Reach";
			sourceTree = "<group>";
		};
		9F85749B280D6F550054AAA6 /* Extensions */ = {
			isa = PBXGroup;
			children = (
				9F85749F280D72450054AAA6 /* Color+Extension.swift */,
				9F85749C280D6F620054AAA6 /* View+Extension.swift */,
			);
			path = Extensions;
			sourceTree = "<group>";
		};
		9F8574A2280D7A640054AAA6 /* Tabs */ = {
			isa = PBXGroup;
			children = (
			);
			path = Tabs;
			sourceTree = "<group>";
		};
		9F9A0BBF2817C9BD0092B9AE /* QC */ = {
			isa = PBXGroup;
			children = (
				9F9A0BC32817CA170092B9AE /* QC-Model */,
				9F9A0BC22817C9FB0092B9AE /* QC-ViewModel */,
				9F9A0BC12817C9D70092B9AE /* QC-Controller */,
				9F9A0BC02817C9CB0092B9AE /* QC-View */,
			);
			path = QC;
			sourceTree = "<group>";
		};
		9F9A0BC02817C9CB0092B9AE /* QC-View */ = {
			isa = PBXGroup;
			children = (
				9F9A0BD12817CB9A0092B9AE /* Xib */,
				9F254167281A700100443C65 /* QC_Home.storyboard */,
			);
			path = "QC-View";
			sourceTree = "<group>";
		};
		9F9A0BC12817C9D70092B9AE /* QC-Controller */ = {
			isa = PBXGroup;
			children = (
				9F8574A3280D7A980054AAA6 /* HomeVC.swift */,
				9F8739A2280E92BB00A28CC9 /* BaseVC.swift */,
				9F87399F280E8B5400A28CC9 /* SettingVC.swift */,
				9F87399C280E87AB00A28CC9 /* MainTabBarVC.swift */,
			);
			path = "QC-Controller";
			sourceTree = "<group>";
		};
		9F9A0BC22817C9FB0092B9AE /* QC-ViewModel */ = {
			isa = PBXGroup;
			children = (
			);
			path = "QC-ViewModel";
			sourceTree = "<group>";
		};
		9F9A0BC32817CA170092B9AE /* QC-Model */ = {
			isa = PBXGroup;
			children = (
			);
			path = "QC-Model";
			sourceTree = "<group>";
		};
		9F9A0BC42817CA4A0092B9AE /* Listing */ = {
			isa = PBXGroup;
			children = (
				9F9A0BC92817CA910092B9AE /* Listing-Controller */,
				9F9A0BC82817CA860092B9AE /* Listing-ViewModel */,
				9F9A0BC72817CA7B0092B9AE /* Listing-View */,
				9F9A0BC62817CA6E0092B9AE /* Listing-Model */,
			);
			path = Listing;
			sourceTree = "<group>";
		};
		9F9A0BC62817CA6E0092B9AE /* Listing-Model */ = {
			isa = PBXGroup;
			children = (
			);
			path = "Listing-Model";
			sourceTree = "<group>";
		};
		9F9A0BC72817CA7B0092B9AE /* Listing-View */ = {
			isa = PBXGroup;
			children = (
				9F7A4600281A82C200F1BD94 /* Listing_Home.storyboard */,
			);
			path = "Listing-View";
			sourceTree = "<group>";
		};
		9F9A0BC82817CA860092B9AE /* Listing-ViewModel */ = {
			isa = PBXGroup;
			children = (
			);
			path = "Listing-ViewModel";
			sourceTree = "<group>";
		};
		9F9A0BC92817CA910092B9AE /* Listing-Controller */ = {
			isa = PBXGroup;
			children = (
			);
			path = "Listing-Controller";
			sourceTree = "<group>";
		};
		9F9A0BCA2817CAA70092B9AE /* Trading */ = {
			isa = PBXGroup;
			children = (
				9F9A0BCE2817CAF40092B9AE /* Trading-Controller */,
				9F9A0BCD2817CAE30092B9AE /* Trading-Model */,
				9F9A0BCC2817CAD50092B9AE /* Trading-ViewModel */,
				9F9A0BCB2817CAB80092B9AE /* Trading-View */,
			);
			path = Trading;
			sourceTree = "<group>";
		};
		9F9A0BCB2817CAB80092B9AE /* Trading-View */ = {
			isa = PBXGroup;
			children = (
				9F9A0BD02817CB760092B9AE /* Xib */,
				9F7A45FD281A81BE00F1BD94 /* Trading_Home.storyboard */,
			);
			path = "Trading-View";
			sourceTree = "<group>";
		};
		9F9A0BCC2817CAD50092B9AE /* Trading-ViewModel */ = {
			isa = PBXGroup;
			children = (
			);
			path = "Trading-ViewModel";
			sourceTree = "<group>";
		};
		9F9A0BCD2817CAE30092B9AE /* Trading-Model */ = {
			isa = PBXGroup;
			children = (
			);
			path = "Trading-Model";
			sourceTree = "<group>";
		};
		9F9A0BCE2817CAF40092B9AE /* Trading-Controller */ = {
			isa = PBXGroup;
			children = (
			);
			path = "Trading-Controller";
			sourceTree = "<group>";
		};
		9F9A0BCF2817CB1E0092B9AE /* Utilities */ = {
			isa = PBXGroup;
			children = (
				9F9A0BDE2817CFFA0092B9AE /* AR-Extension+View.swift */,
				9F9A0BE12817D2490092B9AE /* AR-Extenstion+Storyboard.swift */,
				9F9A0BE62817E1A30092B9AE /* AR-Extenstion+UIColor.swift */,
				9FB923682823939400A30B85 /* AR-Extension+Button.swift */,
				9FE2546A282E1E2A006321CD /* AR-Extension+Font.swift */,
			);
			path = Utilities;
			sourceTree = "<group>";
		};
		9F9A0BD02817CB760092B9AE /* Xib */ = {
			isa = PBXGroup;
			children = (
			);
			path = Xib;
			sourceTree = "<group>";
		};
		9F9A0BD12817CB9A0092B9AE /* Xib */ = {
			isa = PBXGroup;
			children = (
			);
			path = Xib;
			sourceTree = "<group>";
		};
		9F9A0BD22817CBFF0092B9AE /* Common */ = {
			isa = PBXGroup;
			children = (
				9F9A0BD62817CC440092B9AE /* View */,
				9F9A0BD52817CC340092B9AE /* Controller */,
				9F9A0BD42817CC2B0092B9AE /* ViewModel */,
				9F9A0BD32817CC250092B9AE /* Model */,
			);
			path = Common;
			sourceTree = "<group>";
		};
		9F9A0BD32817CC250092B9AE /* Model */ = {
			isa = PBXGroup;
			children = (
			);
			path = Model;
			sourceTree = "<group>";
		};
		9F9A0BD42817CC2B0092B9AE /* ViewModel */ = {
			isa = PBXGroup;
			children = (
			);
			path = ViewModel;
			sourceTree = "<group>";
		};
		9F9A0BD52817CC340092B9AE /* Controller */ = {
			isa = PBXGroup;
			children = (
				9F9A0BDB2817CF460092B9AE /* LoginVC.swift */,
				9F254161281A668500443C65 /* SelectApplicationVC.swift */,
				9F25416C281A771200443C65 /* Tab.swift */,
				9FD2579E2822688E00D9AF45 /* ChooseLanguageVC.swift */,
				9FFC9BB52823AF2E009A6F84 /* VerificationVC.swift */,
				9FFC9BB82823E6CF009A6F84 /* LocationEnableVC.swift */,
				9F2D693C282535CC00FAA593 /* ReferralCodeVC.swift */,
				9F39171B282A3F8D00AD2DE1 /* EmailVC.swift */,
				9F391725282A533000AD2DE1 /* AadhaarVC.swift */,
				9F391728282A5CDC00AD2DE1 /* AadharOtpVerificationVC.swift */,
				9FACC4DA282B7E040024284B /* AadhaarVerificationSuccessVC.swift */,
				9FACC4E0282B89830024284B /* UserProfileVC.swift */,
				9FA2476A282CFA8F00BEA3A7 /* AddressVC.swift */,
				9FE5392B283224D800C77570 /* MemberInviteVC.swift */,
				9FE539382833642F00C77570 /* AddMemberInviteVC.swift */,
			);
			path = Controller;
			sourceTree = "<group>";
		};
		9F9A0BD62817CC440092B9AE /* View */ = {
			isa = PBXGroup;
			children = (
				9F9A0BD72817CC4D0092B9AE /* Xib */,
				9F9A0BD82817CC640092B9AE /* Authentication.storyboard */,
				9F25415E281A646800443C65 /* Home.storyboard */,
				9F391721282A4F3B00AD2DE1 /* AadhaarVerification.storyboard */,
				9FACC4DD282B85FF0024284B /* UserProfile.storyboard */,
				9FE539272832216000C77570 /* MemberInvite.storyboard */,
			);
			path = View;
			sourceTree = "<group>";
		};
		9F9A0BD72817CC4D0092B9AE /* Xib */ = {
			isa = PBXGroup;
			children = (
				9FD257A528226B4F00D9AF45 /* LanguageCell.swift */,
				9FD257A628226B4F00D9AF45 /* LanguageCell.xib */,
				9FA2476D282CFACA00BEA3A7 /* AddressListCell.swift */,
				9FA2476E282CFACA00BEA3A7 /* AddressListCell.xib */,
				9FE5392E283233B300C77570 /* MemberInviteCell.swift */,
				9FE5392F283233B300C77570 /* MemberInviteCell.xib */,
				9FE53933283362EE00C77570 /* DropDownCell.swift */,
				9FE53934283362EE00C77570 /* DropDownCell.xib */,
				9FE5393E2833837600C77570 /* SubcriptionPlanCell.swift */,
				9FE5393F2833837600C77570 /* SubcriptionPlanCell.xib */,
			);
			path = Xib;
			sourceTree = "<group>";
		};
		9FB9236328238DA000A30B85 /* Custom */ = {
			isa = PBXGroup;
			children = (
				9FB9236428238E1800A30B85 /* AR_Primary_Button.swift */,
				9F39171E282A416C00AD2DE1 /* AR_Shadow_View_with_Round_Cornor.swift */,
				9F39172B282A5EA600AD2DE1 /* AR_Shadow_View_Cornor.swift */,
				9FE25467282E1CEC006321CD /* UserNameLabel.swift */,
				9FE2548D282E2EF1006321CD /* HeadingLabel.swift */,
				9FE25490282E3154006321CD /* SubtitleLightLabel.swift */,
			);
			path = Custom;
			sourceTree = "<group>";
		};
		9FE25479282E269A006321CD /* Poppins */ = {
			isa = PBXGroup;
			children = (
				9FE2547B282E26B4006321CD /* Poppins-Black.ttf */,
				9FE25482282E26B7006321CD /* Poppins-Bold.ttf */,
				9FE2547E282E26B5006321CD /* Poppins-ExtraBold.ttf */,
				9FE25480282E26B6006321CD /* Poppins-ExtraLight.ttf */,
				9FE2547C282E26B4006321CD /* Poppins-Light.ttf */,
				9FE2547A282E26B3006321CD /* Poppins-Medium.ttf */,
				9FE2547F282E26B6006321CD /* Poppins-Regular.ttf */,
				9FE2547D282E26B5006321CD /* Poppins-SemiBold.ttf */,
				9FE25481282E26B6006321CD /* Poppins-Thin.ttf */,
			);
			path = Poppins;
			sourceTree = "<group>";
		};
		9FE5394428338F9C00C77570 /* Supporting Class */ = {
			isa = PBXGroup;
			children = (
				9FE5394528338FBA00C77570 /* UPCarouselFlowLayout.swift */,
			);
			path = "Supporting Class";
			sourceTree = "<group>";
		};
		9FF8D979280D646E009E8438 /* Screens */ = {
			isa = PBXGroup;
			children = (
				9F8574A2280D7A640054AAA6 /* Tabs */,
				9FF8D97A280D649E009E8438 /* WalkThroughVC.swift */,
			);
			path = Screens;
			sourceTree = "<group>";
		};
		9FF8D97E280D64DA009E8438 /* View */ = {
			isa = PBXGroup;
			children = (
				9FF8D97F280D64E6009E8438 /* Xib */,
			);
			path = View;
			sourceTree = "<group>";
		};
		9FF8D97F280D64E6009E8438 /* Xib */ = {
			isa = PBXGroup;
			children = (
				9FF8D980280D6504009E8438 /* WalkThroughCell.swift */,
				9FF8D981280D6504009E8438 /* WalkThroughCell.xib */,
				9F873986280E702C00A28CC9 /* MenuCell.swift */,
				9F873987280E702C00A28CC9 /* MenuCell.xib */,
			);
			path = Xib;
			sourceTree = "<group>";
		};
		9FF8D986280D67A0009E8438 /* Fonts */ = {
			isa = PBXGroup;
			children = (
				9FE25479282E269A006321CD /* Poppins */,
				9FF8D987280D67A6009E8438 /* Mulish */,
			);
			path = Fonts;
			sourceTree = "<group>";
		};
		9FF8D987280D67A6009E8438 /* Mulish */ = {
			isa = PBXGroup;
			children = (
				9FF8D988280D67BD009E8438 /* Mulish-Regular.ttf */,
				9FF8D98C280D67E5009E8438 /* Mulish-Bold.ttf */,
				9FF8D98A280D67D4009E8438 /* Mulish-Medium.ttf */,
				9FF8D98B280D67DD009E8438 /* Mulish-Light.ttf */,
				9F9A0BE42817DCF50092B9AE /* Mulish-ExtraBold.ttf */,
				9FF8D989280D67C5009E8438 /* Mulish-SemiBold.ttf */,
			);
			path = Mulish;
			sourceTree = "<group>";
		};
		CE2884D5FCEA230B97B2CC29 /* Pods */ = {
			isa = PBXGroup;
			children = (
				D3DC08A729570A6599A68A76 /* Pods-Agri Reach.dev debug.xcconfig */,
				79D043FF93FE919CBA566C3F /* Pods-Agri Reach.prod debug.xcconfig */,
				2E07F63A8A7529D97F26A54A /* Pods-Agri Reach.qa debug.xcconfig */,
				8FEF8DDE906DDD1E07AB15D1 /* Pods-Agri Reach.dev release.xcconfig */,
				19C933A7E7826018932A7F42 /* Pods-Agri Reach.prod release.xcconfig */,
				E2F6A1AAF9E0622A89D82671 /* Pods-Agri Reach.qa release.xcconfig */,
			);
			path = Pods;
			sourceTree = "<group>";
		};
/* End PBXGroup section */

/* Begin PBXNativeTarget section */
		9F5E0FB22800051D00DDFC7D /* Agri Reach */ = {
			isa = PBXNativeTarget;
			buildConfigurationList = 9F5E0FC72800054C00DDFC7D /* Build configuration list for PBXNativeTarget "Agri Reach" */;
			buildPhases = (
				CDD30196441DA84D8F0FC390 /* [CP] Check Pods Manifest.lock */,
				9F5E0FAF2800051D00DDFC7D /* Sources */,
				9F5E0FB02800051D00DDFC7D /* Frameworks */,
				9F5E0FB12800051D00DDFC7D /* Resources */,
				8A5E0A4D922E92E68B085132 /* [CP] Embed Pods Frameworks */,
			);
			buildRules = (
			);
			dependencies = (
			);
			name = "Agri Reach";
			productName = "Agri Reach";
			productReference = 9F5E0FB32800051D00DDFC7D /* Agri Reach.app */;
			productType = "com.apple.product-type.application";
		};
/* End PBXNativeTarget section */

/* Begin PBXProject section */
		9F5E0FAB2800051D00DDFC7D /* Project object */ = {
			isa = PBXProject;
			attributes = {
				LastSwiftUpdateCheck = 1240;
				LastUpgradeCheck = 1240;
				TargetAttributes = {
					9F5E0FB22800051D00DDFC7D = {
						CreatedOnToolsVersion = 12.4;
					};
				};
			};
			buildConfigurationList = 9F5E0FAE2800051D00DDFC7D /* Build configuration list for PBXProject "Agri Reach" */;
			compatibilityVersion = "Xcode 9.3";
			developmentRegion = en;
			hasScannedForEncodings = 0;
			knownRegions = (
				en,
				Base,
				hi,
			);
			mainGroup = 9F5E0FAA2800051D00DDFC7D;
			productRefGroup = 9F5E0FB42800051D00DDFC7D /* Products */;
			projectDirPath = "";
			projectRoot = "";
			targets = (
				9F5E0FB22800051D00DDFC7D /* Agri Reach */,
			);
		};
/* End PBXProject section */

/* Begin PBXResourcesBuildPhase section */
		9F5E0FB12800051D00DDFC7D /* Resources */ = {
			isa = PBXResourcesBuildPhase;
			buildActionMask = 2147483647;
			files = (
				9FE25483282E27E0006321CD /* Poppins-Black.ttf in Resources */,
				9FE25484282E27E0006321CD /* Poppins-Bold.ttf in Resources */,
				9FE25485282E27E0006321CD /* Poppins-ExtraBold.ttf in Resources */,
				9FE539412833837600C77570 /* SubcriptionPlanCell.xib in Resources */,
				9FE25486282E27E0006321CD /* Poppins-ExtraLight.ttf in Resources */,
				9FE25487282E27E0006321CD /* Poppins-Light.ttf in Resources */,
				9FE25488282E27E0006321CD /* Poppins-Medium.ttf in Resources */,
				9FE25489282E27E0006321CD /* Poppins-Regular.ttf in Resources */,
				9FE2548A282E27E0006321CD /* Poppins-SemiBold.ttf in Resources */,
				9FE2548B282E27E0006321CD /* Poppins-Thin.ttf in Resources */,
				9FE2546D282E23DB006321CD /* Mulish-Regular.ttf in Resources */,
				9FE2546E282E23DB006321CD /* Mulish-Bold.ttf in Resources */,
				9FE2546F282E23DB006321CD /* Mulish-Medium.ttf in Resources */,
				9FE53931283233B300C77570 /* MemberInviteCell.xib in Resources */,
				9FE25470282E23DB006321CD /* Mulish-Light.ttf in Resources */,
				9FE25471282E23DB006321CD /* Mulish-ExtraBold.ttf in Resources */,
				9FE25472282E23DB006321CD /* Mulish-SemiBold.ttf in Resources */,
				9F7A4601281A82C200F1BD94 /* Listing_Home.storyboard in Resources */,
				9FF8D983280D6504009E8438 /* WalkThroughCell.xib in Resources */,
				9FE53936283362EF00C77570 /* DropDownCell.xib in Resources */,
				9FE539282832216000C77570 /* MemberInvite.storyboard in Resources */,
				9F9A0BD92817CC640092B9AE /* Authentication.storyboard in Resources */,
				9F873994280E79AD00A28CC9 /* Localizable.strings in Resources */,
				9F7A45FE281A81BE00F1BD94 /* Trading_Home.storyboard in Resources */,
				9F5E0FC32800054C00DDFC7D /* LaunchScreen.storyboard in Resources */,
				9FA24770282CFACA00BEA3A7 /* AddressListCell.xib in Resources */,
				9F254168281A700100443C65 /* QC_Home.storyboard in Resources */,
				9FACC4DE282B85FF0024284B /* UserProfile.storyboard in Resources */,
				9F873989280E702D00A28CC9 /* MenuCell.xib in Resources */,
				9F5E0FC02800054C00DDFC7D /* Assets.xcassets in Resources */,
				9F391722282A4F3B00AD2DE1 /* AadhaarVerification.storyboard in Resources */,
				9FD257A828226B4F00D9AF45 /* LanguageCell.xib in Resources */,
				9F5E0FBE2800051D00DDFC7D /* Main.storyboard in Resources */,
				9F25415F281A646800443C65 /* Home.storyboard in Resources */,
			);
			runOnlyForDeploymentPostprocessing = 0;
		};
/* End PBXResourcesBuildPhase section */

/* Begin PBXShellScriptBuildPhase section */
		8A5E0A4D922E92E68B085132 /* [CP] Embed Pods Frameworks */ = {
			isa = PBXShellScriptBuildPhase;
			buildActionMask = 2147483647;
			files = (
			);
			inputFileListPaths = (
				"${PODS_ROOT}/Target Support Files/Pods-Agri Reach/Pods-Agri Reach-frameworks-${CONFIGURATION}-input-files.xcfilelist",
			);
			name = "[CP] Embed Pods Frameworks";
			outputFileListPaths = (
				"${PODS_ROOT}/Target Support Files/Pods-Agri Reach/Pods-Agri Reach-frameworks-${CONFIGURATION}-output-files.xcfilelist",
			);
			runOnlyForDeploymentPostprocessing = 0;
			shellPath = /bin/sh;
			shellScript = "\"${PODS_ROOT}/Target Support Files/Pods-Agri Reach/Pods-Agri Reach-frameworks.sh\"\n";
			showEnvVarsInLog = 0;
		};
		CDD30196441DA84D8F0FC390 /* [CP] Check Pods Manifest.lock */ = {
			isa = PBXShellScriptBuildPhase;
			buildActionMask = 2147483647;
			files = (
			);
			inputFileListPaths = (
			);
			inputPaths = (
				"${PODS_PODFILE_DIR_PATH}/Podfile.lock",
				"${PODS_ROOT}/Manifest.lock",
			);
			name = "[CP] Check Pods Manifest.lock";
			outputFileListPaths = (
			);
			outputPaths = (
				"$(DERIVED_FILE_DIR)/Pods-Agri Reach-checkManifestLockResult.txt",
			);
			runOnlyForDeploymentPostprocessing = 0;
			shellPath = /bin/sh;
			shellScript = "diff \"${PODS_PODFILE_DIR_PATH}/Podfile.lock\" \"${PODS_ROOT}/Manifest.lock\" > /dev/null\nif [ $? != 0 ] ; then\n    # print error to STDERR\n    echo \"error: The sandbox is not in sync with the Podfile.lock. Run 'pod install' or update your CocoaPods installation.\" >&2\n    exit 1\nfi\n# This output is used by Xcode 'outputs' to avoid re-running this script phase.\necho \"SUCCESS\" > \"${SCRIPT_OUTPUT_FILE_0}\"\n";
			showEnvVarsInLog = 0;
		};
/* End PBXShellScriptBuildPhase section */

/* Begin PBXSourcesBuildPhase section */
		9F5E0FAF2800051D00DDFC7D /* Sources */ = {
			isa = PBXSourcesBuildPhase;
			buildActionMask = 2147483647;
			files = (
				9F5E0FBB2800051D00DDFC7D /* ViewController.swift in Sources */,
				9F391726282A533000AD2DE1 /* AadhaarVC.swift in Sources */,
				9FE25468282E1CEC006321CD /* UserNameLabel.swift in Sources */,
				9F8739A0280E8B5400A28CC9 /* SettingVC.swift in Sources */,
				9FA2476B282CFA8F00BEA3A7 /* AddressVC.swift in Sources */,
				9F9A0BDC2817CF460092B9AE /* LoginVC.swift in Sources */,
				9FE25491282E3154006321CD /* SubtitleLightLabel.swift in Sources */,
				9FACC4DB282B7E040024284B /* AadhaarVerificationSuccessVC.swift in Sources */,
				9FFC9BB62823AF2F009A6F84 /* VerificationVC.swift in Sources */,
				9FE2546B282E1E2A006321CD /* AR-Extension+Font.swift in Sources */,
				9FE53935283362EF00C77570 /* DropDownCell.swift in Sources */,
				9FD2579F2822688E00D9AF45 /* ChooseLanguageVC.swift in Sources */,
				9F0B2B5D2800406F003F97B9 /* AppEnvironment.swift in Sources */,
				9F5E0FB72800051D00DDFC7D /* AppDelegate.swift in Sources */,
				9FFC9BB92823E6D0009A6F84 /* LocationEnableVC.swift in Sources */,
				9F9A0BE72817E1A40092B9AE /* AR-Extenstion+UIColor.swift in Sources */,
				9F8574A4280D7A990054AAA6 /* HomeVC.swift in Sources */,
				9FB923692823939400A30B85 /* AR-Extension+Button.swift in Sources */,
				9FF8D97B280D649E009E8438 /* WalkThroughVC.swift in Sources */,
				9FACC4E1282B89830024284B /* UserProfileVC.swift in Sources */,
				9FF8D982280D6504009E8438 /* WalkThroughCell.swift in Sources */,
				9F254162281A668500443C65 /* SelectApplicationVC.swift in Sources */,
				9FE539392833643000C77570 /* AddMemberInviteVC.swift in Sources */,
				9F2D693D282535CC00FAA593 /* ReferralCodeVC.swift in Sources */,
				9FE2548E282E2EF1006321CD /* HeadingLabel.swift in Sources */,
				9F873988280E702D00A28CC9 /* MenuCell.swift in Sources */,
				9FD257A728226B4F00D9AF45 /* LanguageCell.swift in Sources */,
				9F25416D281A771200443C65 /* Tab.swift in Sources */,
				9F8739A3280E92BC00A28CC9 /* BaseVC.swift in Sources */,
				9F391729282A5CDC00AD2DE1 /* AadharOtpVerificationVC.swift in Sources */,
				9F39171F282A416C00AD2DE1 /* AR_Shadow_View_with_Round_Cornor.swift in Sources */,
				9F85749D280D6F630054AAA6 /* View+Extension.swift in Sources */,
				9FA2476F282CFACA00BEA3A7 /* AddressListCell.swift in Sources */,
				9F87399D280E87AB00A28CC9 /* MainTabBarVC.swift in Sources */,
				9F39171C282A3F8D00AD2DE1 /* EmailVC.swift in Sources */,
				9FB9236528238E1800A30B85 /* AR_Primary_Button.swift in Sources */,
				9F5E0FB92800051D00DDFC7D /* SceneDelegate.swift in Sources */,
				9FE539402833837600C77570 /* SubcriptionPlanCell.swift in Sources */,
				9F39172C282A5EA600AD2DE1 /* AR_Shadow_View_Cornor.swift in Sources */,
				9FE53930283233B300C77570 /* MemberInviteCell.swift in Sources */,
				9F8574A0280D72450054AAA6 /* Color+Extension.swift in Sources */,
				9F9A0BE22817D2490092B9AE /* AR-Extenstion+Storyboard.swift in Sources */,
				9F9A0BDF2817CFFA0092B9AE /* AR-Extension+View.swift in Sources */,
				9FE5392C283224D800C77570 /* MemberInviteVC.swift in Sources */,
				9FE5394628338FBA00C77570 /* UPCarouselFlowLayout.swift in Sources */,
			);
			runOnlyForDeploymentPostprocessing = 0;
		};
/* End PBXSourcesBuildPhase section */

/* Begin PBXVariantGroup section */
		9F5E0FBC2800051D00DDFC7D /* Main.storyboard */ = {
			isa = PBXVariantGroup;
			children = (
				9F5E0FBD2800051D00DDFC7D /* Base */,
				9F873998280E79CE00A28CC9 /* hi */,
			);
			name = Main.storyboard;
			sourceTree = "<group>";
		};
		9F5E0FC12800054C00DDFC7D /* LaunchScreen.storyboard */ = {
			isa = PBXVariantGroup;
			children = (
				9F5E0FC22800054C00DDFC7D /* Base */,
				9F873999280E79D200A28CC9 /* hi */,
			);
			name = LaunchScreen.storyboard;
			sourceTree = "<group>";
		};
		9F873996280E79AD00A28CC9 /* Localizable.strings */ = {
			isa = PBXVariantGroup;
			children = (
				9F873995280E79AD00A28CC9 /* en */,
				9F87399A280E79D400A28CC9 /* hi */,
			);
			name = Localizable.strings;
			sourceTree = "<group>";
		};
/* End PBXVariantGroup section */

/* Begin XCBuildConfiguration section */
		9F0B2B46280037CD003F97B9 /* Prod Debug */ = {
			isa = XCBuildConfiguration;
			buildSettings = {
				ALWAYS_SEARCH_USER_PATHS = NO;
				CLANG_ANALYZER_LOCALIZABILITY_NONLOCALIZED = YES;
				CLANG_ANALYZER_NONNULL = YES;
				CLANG_ANALYZER_NUMBER_OBJECT_CONVERSION = YES_AGGRESSIVE;
				CLANG_CXX_LANGUAGE_STANDARD = "gnu++14";
				CLANG_CXX_LIBRARY = "libc++";
				CLANG_ENABLE_MODULES = YES;
				CLANG_ENABLE_OBJC_ARC = YES;
				CLANG_ENABLE_OBJC_WEAK = YES;
				CLANG_WARN_BLOCK_CAPTURE_AUTORELEASING = YES;
				CLANG_WARN_BOOL_CONVERSION = YES;
				CLANG_WARN_COMMA = YES;
				CLANG_WARN_CONSTANT_CONVERSION = YES;
				CLANG_WARN_DEPRECATED_OBJC_IMPLEMENTATIONS = YES;
				CLANG_WARN_DIRECT_OBJC_ISA_USAGE = YES_ERROR;
				CLANG_WARN_DOCUMENTATION_COMMENTS = YES;
				CLANG_WARN_EMPTY_BODY = YES;
				CLANG_WARN_ENUM_CONVERSION = YES;
				CLANG_WARN_INFINITE_RECURSION = YES;
				CLANG_WARN_INT_CONVERSION = YES;
				CLANG_WARN_NON_LITERAL_NULL_CONVERSION = YES;
				CLANG_WARN_OBJC_IMPLICIT_RETAIN_SELF = YES;
				CLANG_WARN_OBJC_LITERAL_CONVERSION = YES;
				CLANG_WARN_OBJC_ROOT_CLASS = YES_ERROR;
				CLANG_WARN_QUOTED_INCLUDE_IN_FRAMEWORK_HEADER = YES;
				CLANG_WARN_RANGE_LOOP_ANALYSIS = YES;
				CLANG_WARN_STRICT_PROTOTYPES = YES;
				CLANG_WARN_SUSPICIOUS_MOVE = YES;
				CLANG_WARN_UNGUARDED_AVAILABILITY = YES_AGGRESSIVE;
				CLANG_WARN_UNREACHABLE_CODE = YES;
				CLANG_WARN__DUPLICATE_METHOD_MATCH = YES;
				COPY_PHASE_STRIP = NO;
				DEBUG_INFORMATION_FORMAT = dwarf;
				ENABLE_STRICT_OBJC_MSGSEND = YES;
				ENABLE_TESTABILITY = YES;
				GCC_C_LANGUAGE_STANDARD = gnu11;
				GCC_DYNAMIC_NO_PIC = NO;
				GCC_NO_COMMON_BLOCKS = YES;
				GCC_OPTIMIZATION_LEVEL = 0;
				GCC_PREPROCESSOR_DEFINITIONS = (
					"DEBUG=1",
					"$(inherited)",
				);
				GCC_WARN_64_TO_32_BIT_CONVERSION = YES;
				GCC_WARN_ABOUT_RETURN_TYPE = YES_ERROR;
				GCC_WARN_UNDECLARED_SELECTOR = YES;
				GCC_WARN_UNINITIALIZED_AUTOS = YES_AGGRESSIVE;
				GCC_WARN_UNUSED_FUNCTION = YES;
				GCC_WARN_UNUSED_VARIABLE = YES;
				IPHONEOS_DEPLOYMENT_TARGET = 14.4;
				MTL_ENABLE_DEBUG_INFO = INCLUDE_SOURCE;
				MTL_FAST_MATH = YES;
				ONLY_ACTIVE_ARCH = YES;
				SDKROOT = iphoneos;
				SWIFT_ACTIVE_COMPILATION_CONDITIONS = DEBUG;
				SWIFT_OPTIMIZATION_LEVEL = "-Onone";
			};
			name = "Prod Debug";
		};
		9F0B2B47280037CD003F97B9 /* Prod Debug */ = {
			isa = XCBuildConfiguration;
			baseConfigurationReference = 79D043FF93FE919CBA566C3F /* Pods-Agri Reach.prod debug.xcconfig */;
			buildSettings = {
				APP_NAME = "Agri Reach Prod";
				ASSETCATALOG_COMPILER_APPICON_NAME = AppIcon;
				ASSETCATALOG_COMPILER_GLOBAL_ACCENT_COLOR_NAME = AccentColor;
				CODE_SIGN_STYLE = Automatic;
				DEVELOPMENT_TEAM = PZAX6VU8G9;
				INFOPLIST_FILE = "Agri Reach/Info.plist";
				LD_RUNPATH_SEARCH_PATHS = (
					"$(inherited)",
					"@executable_path/Frameworks",
				);
				PRODUCT_BUNDLE_IDENTIFIER = "com.Nuvento.Agri-Reach-Prod";
				PRODUCT_NAME = "$(TARGET_NAME)";
				SWIFT_ACTIVE_COMPILATION_CONDITIONS = Prod;
				SWIFT_VERSION = 5.0;
				TARGETED_DEVICE_FAMILY = "1,2";
			};
			name = "Prod Debug";
		};
		9F0B2B48280037E1003F97B9 /* Prod Release */ = {
			isa = XCBuildConfiguration;
			buildSettings = {
				ALWAYS_SEARCH_USER_PATHS = NO;
				CLANG_ANALYZER_LOCALIZABILITY_NONLOCALIZED = YES;
				CLANG_ANALYZER_NONNULL = YES;
				CLANG_ANALYZER_NUMBER_OBJECT_CONVERSION = YES_AGGRESSIVE;
				CLANG_CXX_LANGUAGE_STANDARD = "gnu++14";
				CLANG_CXX_LIBRARY = "libc++";
				CLANG_ENABLE_MODULES = YES;
				CLANG_ENABLE_OBJC_ARC = YES;
				CLANG_ENABLE_OBJC_WEAK = YES;
				CLANG_WARN_BLOCK_CAPTURE_AUTORELEASING = YES;
				CLANG_WARN_BOOL_CONVERSION = YES;
				CLANG_WARN_COMMA = YES;
				CLANG_WARN_CONSTANT_CONVERSION = YES;
				CLANG_WARN_DEPRECATED_OBJC_IMPLEMENTATIONS = YES;
				CLANG_WARN_DIRECT_OBJC_ISA_USAGE = YES_ERROR;
				CLANG_WARN_DOCUMENTATION_COMMENTS = YES;
				CLANG_WARN_EMPTY_BODY = YES;
				CLANG_WARN_ENUM_CONVERSION = YES;
				CLANG_WARN_INFINITE_RECURSION = YES;
				CLANG_WARN_INT_CONVERSION = YES;
				CLANG_WARN_NON_LITERAL_NULL_CONVERSION = YES;
				CLANG_WARN_OBJC_IMPLICIT_RETAIN_SELF = YES;
				CLANG_WARN_OBJC_LITERAL_CONVERSION = YES;
				CLANG_WARN_OBJC_ROOT_CLASS = YES_ERROR;
				CLANG_WARN_QUOTED_INCLUDE_IN_FRAMEWORK_HEADER = YES;
				CLANG_WARN_RANGE_LOOP_ANALYSIS = YES;
				CLANG_WARN_STRICT_PROTOTYPES = YES;
				CLANG_WARN_SUSPICIOUS_MOVE = YES;
				CLANG_WARN_UNGUARDED_AVAILABILITY = YES_AGGRESSIVE;
				CLANG_WARN_UNREACHABLE_CODE = YES;
				CLANG_WARN__DUPLICATE_METHOD_MATCH = YES;
				COPY_PHASE_STRIP = NO;
				DEBUG_INFORMATION_FORMAT = "dwarf-with-dsym";
				ENABLE_NS_ASSERTIONS = NO;
				ENABLE_STRICT_OBJC_MSGSEND = YES;
				GCC_C_LANGUAGE_STANDARD = gnu11;
				GCC_NO_COMMON_BLOCKS = YES;
				GCC_WARN_64_TO_32_BIT_CONVERSION = YES;
				GCC_WARN_ABOUT_RETURN_TYPE = YES_ERROR;
				GCC_WARN_UNDECLARED_SELECTOR = YES;
				GCC_WARN_UNINITIALIZED_AUTOS = YES_AGGRESSIVE;
				GCC_WARN_UNUSED_FUNCTION = YES;
				GCC_WARN_UNUSED_VARIABLE = YES;
				IPHONEOS_DEPLOYMENT_TARGET = 14.4;
				MTL_ENABLE_DEBUG_INFO = NO;
				MTL_FAST_MATH = YES;
				SDKROOT = iphoneos;
				SWIFT_COMPILATION_MODE = wholemodule;
				SWIFT_OPTIMIZATION_LEVEL = "-O";
				VALIDATE_PRODUCT = YES;
			};
			name = "Prod Release";
		};
		9F0B2B49280037E1003F97B9 /* Prod Release */ = {
			isa = XCBuildConfiguration;
			baseConfigurationReference = 19C933A7E7826018932A7F42 /* Pods-Agri Reach.prod release.xcconfig */;
			buildSettings = {
				APP_NAME = "Agri Reach Prod";
				ASSETCATALOG_COMPILER_APPICON_NAME = AppIcon;
				ASSETCATALOG_COMPILER_GLOBAL_ACCENT_COLOR_NAME = AccentColor;
				CODE_SIGN_STYLE = Automatic;
				DEVELOPMENT_TEAM = PZAX6VU8G9;
				INFOPLIST_FILE = "Agri Reach/Info.plist";
				LD_RUNPATH_SEARCH_PATHS = (
					"$(inherited)",
					"@executable_path/Frameworks",
				);
				PRODUCT_BUNDLE_IDENTIFIER = "com.Nuvento.Agri-Reach-Prod";
				PRODUCT_NAME = "$(TARGET_NAME)";
				SWIFT_ACTIVE_COMPILATION_CONDITIONS = Prod;
				SWIFT_VERSION = 5.0;
				TARGETED_DEVICE_FAMILY = "1,2";
			};
			name = "Prod Release";
		};
		9F0B2B4A28003807003F97B9 /* QA Debug */ = {
			isa = XCBuildConfiguration;
			buildSettings = {
				ALWAYS_SEARCH_USER_PATHS = NO;
				CLANG_ANALYZER_LOCALIZABILITY_NONLOCALIZED = YES;
				CLANG_ANALYZER_NONNULL = YES;
				CLANG_ANALYZER_NUMBER_OBJECT_CONVERSION = YES_AGGRESSIVE;
				CLANG_CXX_LANGUAGE_STANDARD = "gnu++14";
				CLANG_CXX_LIBRARY = "libc++";
				CLANG_ENABLE_MODULES = YES;
				CLANG_ENABLE_OBJC_ARC = YES;
				CLANG_ENABLE_OBJC_WEAK = YES;
				CLANG_WARN_BLOCK_CAPTURE_AUTORELEASING = YES;
				CLANG_WARN_BOOL_CONVERSION = YES;
				CLANG_WARN_COMMA = YES;
				CLANG_WARN_CONSTANT_CONVERSION = YES;
				CLANG_WARN_DEPRECATED_OBJC_IMPLEMENTATIONS = YES;
				CLANG_WARN_DIRECT_OBJC_ISA_USAGE = YES_ERROR;
				CLANG_WARN_DOCUMENTATION_COMMENTS = YES;
				CLANG_WARN_EMPTY_BODY = YES;
				CLANG_WARN_ENUM_CONVERSION = YES;
				CLANG_WARN_INFINITE_RECURSION = YES;
				CLANG_WARN_INT_CONVERSION = YES;
				CLANG_WARN_NON_LITERAL_NULL_CONVERSION = YES;
				CLANG_WARN_OBJC_IMPLICIT_RETAIN_SELF = YES;
				CLANG_WARN_OBJC_LITERAL_CONVERSION = YES;
				CLANG_WARN_OBJC_ROOT_CLASS = YES_ERROR;
				CLANG_WARN_QUOTED_INCLUDE_IN_FRAMEWORK_HEADER = YES;
				CLANG_WARN_RANGE_LOOP_ANALYSIS = YES;
				CLANG_WARN_STRICT_PROTOTYPES = YES;
				CLANG_WARN_SUSPICIOUS_MOVE = YES;
				CLANG_WARN_UNGUARDED_AVAILABILITY = YES_AGGRESSIVE;
				CLANG_WARN_UNREACHABLE_CODE = YES;
				CLANG_WARN__DUPLICATE_METHOD_MATCH = YES;
				COPY_PHASE_STRIP = NO;
				DEBUG_INFORMATION_FORMAT = dwarf;
				ENABLE_STRICT_OBJC_MSGSEND = YES;
				ENABLE_TESTABILITY = YES;
				GCC_C_LANGUAGE_STANDARD = gnu11;
				GCC_DYNAMIC_NO_PIC = NO;
				GCC_NO_COMMON_BLOCKS = YES;
				GCC_OPTIMIZATION_LEVEL = 0;
				GCC_PREPROCESSOR_DEFINITIONS = (
					"DEBUG=1",
					"$(inherited)",
				);
				GCC_WARN_64_TO_32_BIT_CONVERSION = YES;
				GCC_WARN_ABOUT_RETURN_TYPE = YES_ERROR;
				GCC_WARN_UNDECLARED_SELECTOR = YES;
				GCC_WARN_UNINITIALIZED_AUTOS = YES_AGGRESSIVE;
				GCC_WARN_UNUSED_FUNCTION = YES;
				GCC_WARN_UNUSED_VARIABLE = YES;
				IPHONEOS_DEPLOYMENT_TARGET = 14.4;
				MTL_ENABLE_DEBUG_INFO = INCLUDE_SOURCE;
				MTL_FAST_MATH = YES;
				ONLY_ACTIVE_ARCH = YES;
				SDKROOT = iphoneos;
				SWIFT_ACTIVE_COMPILATION_CONDITIONS = DEBUG;
				SWIFT_OPTIMIZATION_LEVEL = "-Onone";
			};
			name = "QA Debug";
		};
		9F0B2B4B28003807003F97B9 /* QA Debug */ = {
			isa = XCBuildConfiguration;
			baseConfigurationReference = 2E07F63A8A7529D97F26A54A /* Pods-Agri Reach.qa debug.xcconfig */;
			buildSettings = {
				APP_NAME = "Agri Reach QA";
				ASSETCATALOG_COMPILER_APPICON_NAME = AppIcon;
				ASSETCATALOG_COMPILER_GLOBAL_ACCENT_COLOR_NAME = AccentColor;
				CODE_SIGN_STYLE = Automatic;
				DEVELOPMENT_TEAM = PZAX6VU8G9;
				INFOPLIST_FILE = "Agri Reach/Info.plist";
				LD_RUNPATH_SEARCH_PATHS = (
					"$(inherited)",
					"@executable_path/Frameworks",
				);
				PRODUCT_BUNDLE_IDENTIFIER = "com.Nuvento.Agri-Reach-QA";
				PRODUCT_NAME = "$(TARGET_NAME)";
				SWIFT_ACTIVE_COMPILATION_CONDITIONS = QA;
				SWIFT_VERSION = 5.0;
				TARGETED_DEVICE_FAMILY = "1,2";
			};
			name = "QA Debug";
		};
		9F0B2B4C28003817003F97B9 /* QA Release */ = {
			isa = XCBuildConfiguration;
			buildSettings = {
				ALWAYS_SEARCH_USER_PATHS = NO;
				CLANG_ANALYZER_LOCALIZABILITY_NONLOCALIZED = YES;
				CLANG_ANALYZER_NONNULL = YES;
				CLANG_ANALYZER_NUMBER_OBJECT_CONVERSION = YES_AGGRESSIVE;
				CLANG_CXX_LANGUAGE_STANDARD = "gnu++14";
				CLANG_CXX_LIBRARY = "libc++";
				CLANG_ENABLE_MODULES = YES;
				CLANG_ENABLE_OBJC_ARC = YES;
				CLANG_ENABLE_OBJC_WEAK = YES;
				CLANG_WARN_BLOCK_CAPTURE_AUTORELEASING = YES;
				CLANG_WARN_BOOL_CONVERSION = YES;
				CLANG_WARN_COMMA = YES;
				CLANG_WARN_CONSTANT_CONVERSION = YES;
				CLANG_WARN_DEPRECATED_OBJC_IMPLEMENTATIONS = YES;
				CLANG_WARN_DIRECT_OBJC_ISA_USAGE = YES_ERROR;
				CLANG_WARN_DOCUMENTATION_COMMENTS = YES;
				CLANG_WARN_EMPTY_BODY = YES;
				CLANG_WARN_ENUM_CONVERSION = YES;
				CLANG_WARN_INFINITE_RECURSION = YES;
				CLANG_WARN_INT_CONVERSION = YES;
				CLANG_WARN_NON_LITERAL_NULL_CONVERSION = YES;
				CLANG_WARN_OBJC_IMPLICIT_RETAIN_SELF = YES;
				CLANG_WARN_OBJC_LITERAL_CONVERSION = YES;
				CLANG_WARN_OBJC_ROOT_CLASS = YES_ERROR;
				CLANG_WARN_QUOTED_INCLUDE_IN_FRAMEWORK_HEADER = YES;
				CLANG_WARN_RANGE_LOOP_ANALYSIS = YES;
				CLANG_WARN_STRICT_PROTOTYPES = YES;
				CLANG_WARN_SUSPICIOUS_MOVE = YES;
				CLANG_WARN_UNGUARDED_AVAILABILITY = YES_AGGRESSIVE;
				CLANG_WARN_UNREACHABLE_CODE = YES;
				CLANG_WARN__DUPLICATE_METHOD_MATCH = YES;
				COPY_PHASE_STRIP = NO;
				DEBUG_INFORMATION_FORMAT = "dwarf-with-dsym";
				ENABLE_NS_ASSERTIONS = NO;
				ENABLE_STRICT_OBJC_MSGSEND = YES;
				GCC_C_LANGUAGE_STANDARD = gnu11;
				GCC_NO_COMMON_BLOCKS = YES;
				GCC_WARN_64_TO_32_BIT_CONVERSION = YES;
				GCC_WARN_ABOUT_RETURN_TYPE = YES_ERROR;
				GCC_WARN_UNDECLARED_SELECTOR = YES;
				GCC_WARN_UNINITIALIZED_AUTOS = YES_AGGRESSIVE;
				GCC_WARN_UNUSED_FUNCTION = YES;
				GCC_WARN_UNUSED_VARIABLE = YES;
				IPHONEOS_DEPLOYMENT_TARGET = 14.4;
				MTL_ENABLE_DEBUG_INFO = NO;
				MTL_FAST_MATH = YES;
				SDKROOT = iphoneos;
				SWIFT_COMPILATION_MODE = wholemodule;
				SWIFT_OPTIMIZATION_LEVEL = "-O";
				VALIDATE_PRODUCT = YES;
			};
			name = "QA Release";
		};
		9F0B2B4D28003817003F97B9 /* QA Release */ = {
			isa = XCBuildConfiguration;
			baseConfigurationReference = E2F6A1AAF9E0622A89D82671 /* Pods-Agri Reach.qa release.xcconfig */;
			buildSettings = {
				APP_NAME = "Agri Reach QA";
				ASSETCATALOG_COMPILER_APPICON_NAME = AppIcon;
				ASSETCATALOG_COMPILER_GLOBAL_ACCENT_COLOR_NAME = AccentColor;
				CODE_SIGN_STYLE = Automatic;
				DEVELOPMENT_TEAM = PZAX6VU8G9;
				INFOPLIST_FILE = "Agri Reach/Info.plist";
				LD_RUNPATH_SEARCH_PATHS = (
					"$(inherited)",
					"@executable_path/Frameworks",
				);
				PRODUCT_BUNDLE_IDENTIFIER = "com.Nuvento.Agri-Reach-QA";
				PRODUCT_NAME = "$(TARGET_NAME)";
				SWIFT_ACTIVE_COMPILATION_CONDITIONS = QA;
				SWIFT_VERSION = 5.0;
				TARGETED_DEVICE_FAMILY = "1,2";
			};
			name = "QA Release";
		};
		9F5E0FC52800054C00DDFC7D /* Dev Debug */ = {
			isa = XCBuildConfiguration;
			buildSettings = {
				ALWAYS_SEARCH_USER_PATHS = NO;
				CLANG_ANALYZER_LOCALIZABILITY_NONLOCALIZED = YES;
				CLANG_ANALYZER_NONNULL = YES;
				CLANG_ANALYZER_NUMBER_OBJECT_CONVERSION = YES_AGGRESSIVE;
				CLANG_CXX_LANGUAGE_STANDARD = "gnu++14";
				CLANG_CXX_LIBRARY = "libc++";
				CLANG_ENABLE_MODULES = YES;
				CLANG_ENABLE_OBJC_ARC = YES;
				CLANG_ENABLE_OBJC_WEAK = YES;
				CLANG_WARN_BLOCK_CAPTURE_AUTORELEASING = YES;
				CLANG_WARN_BOOL_CONVERSION = YES;
				CLANG_WARN_COMMA = YES;
				CLANG_WARN_CONSTANT_CONVERSION = YES;
				CLANG_WARN_DEPRECATED_OBJC_IMPLEMENTATIONS = YES;
				CLANG_WARN_DIRECT_OBJC_ISA_USAGE = YES_ERROR;
				CLANG_WARN_DOCUMENTATION_COMMENTS = YES;
				CLANG_WARN_EMPTY_BODY = YES;
				CLANG_WARN_ENUM_CONVERSION = YES;
				CLANG_WARN_INFINITE_RECURSION = YES;
				CLANG_WARN_INT_CONVERSION = YES;
				CLANG_WARN_NON_LITERAL_NULL_CONVERSION = YES;
				CLANG_WARN_OBJC_IMPLICIT_RETAIN_SELF = YES;
				CLANG_WARN_OBJC_LITERAL_CONVERSION = YES;
				CLANG_WARN_OBJC_ROOT_CLASS = YES_ERROR;
				CLANG_WARN_QUOTED_INCLUDE_IN_FRAMEWORK_HEADER = YES;
				CLANG_WARN_RANGE_LOOP_ANALYSIS = YES;
				CLANG_WARN_STRICT_PROTOTYPES = YES;
				CLANG_WARN_SUSPICIOUS_MOVE = YES;
				CLANG_WARN_UNGUARDED_AVAILABILITY = YES_AGGRESSIVE;
				CLANG_WARN_UNREACHABLE_CODE = YES;
				CLANG_WARN__DUPLICATE_METHOD_MATCH = YES;
				COPY_PHASE_STRIP = NO;
				DEBUG_INFORMATION_FORMAT = dwarf;
				ENABLE_STRICT_OBJC_MSGSEND = YES;
				ENABLE_TESTABILITY = YES;
				GCC_C_LANGUAGE_STANDARD = gnu11;
				GCC_DYNAMIC_NO_PIC = NO;
				GCC_NO_COMMON_BLOCKS = YES;
				GCC_OPTIMIZATION_LEVEL = 0;
				GCC_PREPROCESSOR_DEFINITIONS = (
					"DEBUG=1",
					"$(inherited)",
				);
				GCC_WARN_64_TO_32_BIT_CONVERSION = YES;
				GCC_WARN_ABOUT_RETURN_TYPE = YES_ERROR;
				GCC_WARN_UNDECLARED_SELECTOR = YES;
				GCC_WARN_UNINITIALIZED_AUTOS = YES_AGGRESSIVE;
				GCC_WARN_UNUSED_FUNCTION = YES;
				GCC_WARN_UNUSED_VARIABLE = YES;
				IPHONEOS_DEPLOYMENT_TARGET = 14.4;
				MTL_ENABLE_DEBUG_INFO = INCLUDE_SOURCE;
				MTL_FAST_MATH = YES;
				ONLY_ACTIVE_ARCH = YES;
				SDKROOT = iphoneos;
				SWIFT_ACTIVE_COMPILATION_CONDITIONS = DEBUG;
				SWIFT_OPTIMIZATION_LEVEL = "-Onone";
			};
			name = "Dev Debug";
		};
		9F5E0FC62800054C00DDFC7D /* Dev Release */ = {
			isa = XCBuildConfiguration;
			buildSettings = {
				ALWAYS_SEARCH_USER_PATHS = NO;
				CLANG_ANALYZER_LOCALIZABILITY_NONLOCALIZED = YES;
				CLANG_ANALYZER_NONNULL = YES;
				CLANG_ANALYZER_NUMBER_OBJECT_CONVERSION = YES_AGGRESSIVE;
				CLANG_CXX_LANGUAGE_STANDARD = "gnu++14";
				CLANG_CXX_LIBRARY = "libc++";
				CLANG_ENABLE_MODULES = YES;
				CLANG_ENABLE_OBJC_ARC = YES;
				CLANG_ENABLE_OBJC_WEAK = YES;
				CLANG_WARN_BLOCK_CAPTURE_AUTORELEASING = YES;
				CLANG_WARN_BOOL_CONVERSION = YES;
				CLANG_WARN_COMMA = YES;
				CLANG_WARN_CONSTANT_CONVERSION = YES;
				CLANG_WARN_DEPRECATED_OBJC_IMPLEMENTATIONS = YES;
				CLANG_WARN_DIRECT_OBJC_ISA_USAGE = YES_ERROR;
				CLANG_WARN_DOCUMENTATION_COMMENTS = YES;
				CLANG_WARN_EMPTY_BODY = YES;
				CLANG_WARN_ENUM_CONVERSION = YES;
				CLANG_WARN_INFINITE_RECURSION = YES;
				CLANG_WARN_INT_CONVERSION = YES;
				CLANG_WARN_NON_LITERAL_NULL_CONVERSION = YES;
				CLANG_WARN_OBJC_IMPLICIT_RETAIN_SELF = YES;
				CLANG_WARN_OBJC_LITERAL_CONVERSION = YES;
				CLANG_WARN_OBJC_ROOT_CLASS = YES_ERROR;
				CLANG_WARN_QUOTED_INCLUDE_IN_FRAMEWORK_HEADER = YES;
				CLANG_WARN_RANGE_LOOP_ANALYSIS = YES;
				CLANG_WARN_STRICT_PROTOTYPES = YES;
				CLANG_WARN_SUSPICIOUS_MOVE = YES;
				CLANG_WARN_UNGUARDED_AVAILABILITY = YES_AGGRESSIVE;
				CLANG_WARN_UNREACHABLE_CODE = YES;
				CLANG_WARN__DUPLICATE_METHOD_MATCH = YES;
				COPY_PHASE_STRIP = NO;
				DEBUG_INFORMATION_FORMAT = "dwarf-with-dsym";
				ENABLE_NS_ASSERTIONS = NO;
				ENABLE_STRICT_OBJC_MSGSEND = YES;
				GCC_C_LANGUAGE_STANDARD = gnu11;
				GCC_NO_COMMON_BLOCKS = YES;
				GCC_WARN_64_TO_32_BIT_CONVERSION = YES;
				GCC_WARN_ABOUT_RETURN_TYPE = YES_ERROR;
				GCC_WARN_UNDECLARED_SELECTOR = YES;
				GCC_WARN_UNINITIALIZED_AUTOS = YES_AGGRESSIVE;
				GCC_WARN_UNUSED_FUNCTION = YES;
				GCC_WARN_UNUSED_VARIABLE = YES;
				IPHONEOS_DEPLOYMENT_TARGET = 14.4;
				MTL_ENABLE_DEBUG_INFO = NO;
				MTL_FAST_MATH = YES;
				SDKROOT = iphoneos;
				SWIFT_COMPILATION_MODE = wholemodule;
				SWIFT_OPTIMIZATION_LEVEL = "-O";
				VALIDATE_PRODUCT = YES;
			};
			name = "Dev Release";
		};
		9F5E0FC82800054C00DDFC7D /* Dev Debug */ = {
			isa = XCBuildConfiguration;
			baseConfigurationReference = D3DC08A729570A6599A68A76 /* Pods-Agri Reach.dev debug.xcconfig */;
			buildSettings = {
				APP_NAME = "Agri Reach Dev";
				ASSETCATALOG_COMPILER_APPICON_NAME = AppIcon;
				ASSETCATALOG_COMPILER_GLOBAL_ACCENT_COLOR_NAME = AccentColor;
				CODE_SIGN_STYLE = Automatic;
				DEVELOPMENT_TEAM = PZAX6VU8G9;
				INFOPLIST_FILE = "Agri Reach/Info.plist";
				LD_RUNPATH_SEARCH_PATHS = (
					"$(inherited)",
					"@executable_path/Frameworks",
				);
				PRODUCT_BUNDLE_IDENTIFIER = "com.Nuvento.Agri-Reach-Dev";
				PRODUCT_NAME = "$(TARGET_NAME)";
				SWIFT_ACTIVE_COMPILATION_CONDITIONS = DEV;
				SWIFT_VERSION = 5.0;
				TARGETED_DEVICE_FAMILY = "1,2";
			};
			name = "Dev Debug";
		};
		9F5E0FC92800054C00DDFC7D /* Dev Release */ = {
			isa = XCBuildConfiguration;
			baseConfigurationReference = 8FEF8DDE906DDD1E07AB15D1 /* Pods-Agri Reach.dev release.xcconfig */;
			buildSettings = {
				APP_NAME = "Agri Reach Dev";
				ASSETCATALOG_COMPILER_APPICON_NAME = AppIcon;
				ASSETCATALOG_COMPILER_GLOBAL_ACCENT_COLOR_NAME = AccentColor;
				CODE_SIGN_STYLE = Automatic;
				DEVELOPMENT_TEAM = PZAX6VU8G9;
				INFOPLIST_FILE = "Agri Reach/Info.plist";
				LD_RUNPATH_SEARCH_PATHS = (
					"$(inherited)",
					"@executable_path/Frameworks",
				);
				PRODUCT_BUNDLE_IDENTIFIER = "com.Nuvento.Agri-Reach-Dev";
				PRODUCT_NAME = "$(TARGET_NAME)";
				SWIFT_ACTIVE_COMPILATION_CONDITIONS = DEV;
				SWIFT_VERSION = 5.0;
				TARGETED_DEVICE_FAMILY = "1,2";
			};
			name = "Dev Release";
		};
/* End XCBuildConfiguration section */

/* Begin XCConfigurationList section */
		9F5E0FAE2800051D00DDFC7D /* Build configuration list for PBXProject "Agri Reach" */ = {
			isa = XCConfigurationList;
			buildConfigurations = (
				9F5E0FC52800054C00DDFC7D /* Dev Debug */,
				9F0B2B46280037CD003F97B9 /* Prod Debug */,
				9F0B2B4A28003807003F97B9 /* QA Debug */,
				9F5E0FC62800054C00DDFC7D /* Dev Release */,
				9F0B2B48280037E1003F97B9 /* Prod Release */,
				9F0B2B4C28003817003F97B9 /* QA Release */,
			);
			defaultConfigurationIsVisible = 0;
			defaultConfigurationName = "Dev Release";
		};
		9F5E0FC72800054C00DDFC7D /* Build configuration list for PBXNativeTarget "Agri Reach" */ = {
			isa = XCConfigurationList;
			buildConfigurations = (
				9F5E0FC82800054C00DDFC7D /* Dev Debug */,
				9F0B2B47280037CD003F97B9 /* Prod Debug */,
				9F0B2B4B28003807003F97B9 /* QA Debug */,
				9F5E0FC92800054C00DDFC7D /* Dev Release */,
				9F0B2B49280037E1003F97B9 /* Prod Release */,
				9F0B2B4D28003817003F97B9 /* QA Release */,
			);
			defaultConfigurationIsVisible = 0;
			defaultConfigurationName = "Dev Release";
		};
/* End XCConfigurationList section */
	};
	rootObject = 9F5E0FAB2800051D00DDFC7D /* Project object */;
}
